
Microsoft Visual Studio Solution File, Format Version 12.00
# Visual Studio Version 16
VisualStudioVersion = 16.0.29418.71
MinimumVisualStudioVersion = 10.0.40219.1
Project("{FAE04EC0-301F-11D3-BF4B-00C04F79EFBC}") = "MYCCalculator", "MYKCalculator\MYCCalculator.csproj", "{F9600B47-AADF-40FD-8FD9-6CF443C8000B}"
EndProject
Global
	GlobalSection(SolutionConfigurationPlatforms) = preSolution
		Debug|Any CPU = Debug|Any CPU
		Release|Any CPU = Release|Any CPU
	EndGlobalSection
	GlobalSection(ProjectConfigurationPlatforms) = postSolution
		{F9600B47-AADF-40FD-8FD9-6CF443C8000B}.Debug|Any CPU.ActiveCfg = Debug|Any CPU
		{F9600B47-AADF-40FD-8FD9-6CF443C8000B}.Debug|Any CPU.Build.0 = Debug|Any CPU
		{F9600B47-AADF-40FD-8FD9-6CF443C8000B}.Release|Any CPU.ActiveCfg = Release|Any CPU
		{F9600B47-AADF-40FD-8FD9-6CF443C8000B}.Release|Any CPU.Build.0 = Release|Any CPU
	EndGlobalSection
	GlobalSection(SolutionProperties) = preSolution
		HideSolutionNode = FALSE
	EndGlobalSection
	GlobalSection(ExtensibilityGlobals) = postSolution
		SolutionGuid = {BD47743E-2027-46DA-BF3C-8A6F1C64A62C}
	EndGlobalSection
EndGlobal
